// !$*UTF8*$!
{
	archiveVersion = 1;
	classes = {
	};
	objectVersion = 55;
	objects = {

/* Begin PBXBuildFile section */
		60911BF92767F1090017B0ED /* BullsEye.html in Resources */ = {isa = PBXBuildFile; fileRef = 60911BF82767F1090017B0ED /* BullsEye.html */; };
		60E683C42767E88B0077731E /* AboutViewController.swift in Sources */ = {isa = PBXBuildFile; fileRef = 60E683C32767E88B0077731E /* AboutViewController.swift */; };
		60EC47E3275C22DC00772473 /* AppDelegate.swift in Sources */ = {isa = PBXBuildFile; fileRef = 60EC47E2275C22DC00772473 /* AppDelegate.swift */; };
		60EC47E5275C22DC00772473 /* SceneDelegate.swift in Sources */ = {isa = PBXBuildFile; fileRef = 60EC47E4275C22DC00772473 /* SceneDelegate.swift */; };
		60EC47E7275C22DC00772473 /* ViewController.swift in Sources */ = {isa = PBXBuildFile; fileRef = 60EC47E6275C22DC00772473 /* ViewController.swift */; };
		60EC47EA275C22DC00772473 /* Main.storyboard in Resources */ = {isa = PBXBuildFile; fileRef = 60EC47E8275C22DC00772473 /* Main.storyboard */; };
		60EC47EC275C22DD00772473 /* Assets.xcassets in Resources */ = {isa = PBXBuildFile; fileRef = 60EC47EB275C22DD00772473 /* Assets.xcassets */; };
		60EC47EF275C22DD00772473 /* LaunchScreen.storyboard in Resources */ = {isa = PBXBuildFile; fileRef = 60EC47ED275C22DD00772473 /* LaunchScreen.storyboard */; };
		60EC47FA275C22DD00772473 /* BullEyesGameTests.swift in Sources */ = {isa = PBXBuildFile; fileRef = 60EC47F9275C22DD00772473 /* BullEyesGameTests.swift */; };
		60EC4804275C22DD00772473 /* BullEyesGameUITests.swift in Sources */ = {isa = PBXBuildFile; fileRef = 60EC4803275C22DD00772473 /* BullEyesGameUITests.swift */; };
		60EC4806275C22DD00772473 /* BullEyesGameUITestsLaunchTests.swift in Sources */ = {isa = PBXBuildFile; fileRef = 60EC4805275C22DD00772473 /* BullEyesGameUITestsLaunchTests.swift */; };
/* End PBXBuildFile section */

/* Begin PBXContainerItemProxy section */
		60EC47F6275C22DD00772473 /* PBXContainerItemProxy */ = {
			isa = PBXContainerItemProxy;
			containerPortal = 60EC47D7275C22DC00772473 /* Project object */;
			proxyType = 1;
			remoteGlobalIDString = 60EC47DE275C22DC00772473;
			remoteInfo = BullEyesGame;
		};
		60EC4800275C22DD00772473 /* PBXContainerItemProxy */ = {
			isa = PBXContainerItemProxy;
			containerPortal = 60EC47D7275C22DC00772473 /* Project object */;
			proxyType = 1;
			remoteGlobalIDString = 60EC47DE275C22DC00772473;
			remoteInfo = BullEyesGame;
		};
/* End PBXContainerItemProxy section */

/* Begin PBXFileReference section */
		60911BF82767F1090017B0ED /* BullsEye.html */ = {isa = PBXFileReference; fileEncoding = 4; lastKnownFileType = text.html; path = BullsEye.html; sourceTree = "<group>"; };
		60E683C32767E88B0077731E /* AboutViewController.swift */ = {isa = PBXFileReference; lastKnownFileType = sourcecode.swift; path = AboutViewController.swift; sourceTree = "<group>"; };
		60EC47DF275C22DC00772473 /* BullEyesGame.app */ = {isa = PBXFileReference; explicitFileType = wrapper.application; includeInIndex = 0; path = BullEyesGame.app; sourceTree = BUILT_PRODUCTS_DIR; };
		60EC47E2275C22DC00772473 /* AppDelegate.swift */ = {isa = PBXFileReference; lastKnownFileType = sourcecode.swift; path = AppDelegate.swift; sourceTree = "<group>"; };
		60EC47E4275C22DC00772473 /* SceneDelegate.swift */ = {isa = PBXFileReference; lastKnownFileType = sourcecode.swift; path = SceneDelegate.swift; sourceTree = "<group>"; };
		60EC47E6275C22DC00772473 /* ViewController.swift */ = {isa = PBXFileReference; lastKnownFileType = sourcecode.swift; path = ViewController.swift; sourceTree = "<group>"; };
		60EC47E9275C22DC00772473 /* Base */ = {isa = PBXFileReference; lastKnownFileType = file.storyboard; name = Base; path = Base.lproj/Main.storyboard; sourceTree = "<group>"; };
		60EC47EB275C22DD00772473 /* Assets.xcassets */ = {isa = PBXFileReference; lastKnownFileType = folder.assetcatalog; path = Assets.xcassets; sourceTree = "<group>"; };
		60EC47EE275C22DD00772473 /* Base */ = {isa = PBXFileReference; lastKnownFileType = file.storyboard; name = Base; path = Base.lproj/LaunchScreen.storyboard; sourceTree = "<group>"; };
		60EC47F0275C22DD00772473 /* Info.plist */ = {isa = PBXFileReference; lastKnownFileType = text.plist.xml; path = Info.plist; sourceTree = "<group>"; };
		60EC47F5275C22DD00772473 /* BullEyesGameTests.xctest */ = {isa = PBXFileReference; explicitFileType = wrapper.cfbundle; includeInIndex = 0; path = BullEyesGameTests.xctest; sourceTree = BUILT_PRODUCTS_DIR; };
		60EC47F9275C22DD00772473 /* BullEyesGameTests.swift */ = {isa = PBXFileReference; lastKnownFileType = sourcecode.swift; path = BullEyesGameTests.swift; sourceTree = "<group>"; };
		60EC47FF275C22DD00772473 /* BullEyesGameUITests.xctest */ = {isa = PBXFileReference; explicitFileType = wrapper.cfbundle; includeInIndex = 0; path = BullEyesGameUITests.xctest; sourceTree = BUILT_PRODUCTS_DIR; };
		60EC4803275C22DD00772473 /* BullEyesGameUITests.swift */ = {isa = PBXFileReference; lastKnownFileType = sourcecode.swift; path = BullEyesGameUITests.swift; sourceTree = "<group>"; };
		60EC4805275C22DD00772473 /* BullEyesGameUITestsLaunchTests.swift */ = {isa = PBXFileReference; lastKnownFileType = sourcecode.swift; path = BullEyesGameUITestsLaunchTests.swift; sourceTree = "<group>"; };
/* End PBXFileReference section */

/* Begin PBXFrameworksBuildPhase section */
		60EC47DC275C22DC00772473 /* Frameworks */ = {
			isa = PBXFrameworksBuildPhase;
			buildActionMask = 2147483647;
			files = (
			);
			runOnlyForDeploymentPostprocessing = 0;
		};
		60EC47F2275C22DD00772473 /* Frameworks */ = {
			isa = PBXFrameworksBuildPhase;
			buildActionMask = 2147483647;
			files = (
			);
			runOnlyForDeploymentPostprocessing = 0;
		};
		60EC47FC275C22DD00772473 /* Frameworks */ = {
			isa = PBXFrameworksBuildPhase;
			buildActionMask = 2147483647;
			files = (
			);
			runOnlyForDeploymentPostprocessing = 0;
		};
/* End PBXFrameworksBuildPhase section */

/* Begin PBXGroup section */
		60EC47D6275C22DC00772473 = {
			isa = PBXGroup;
			children = (
				60EC47E1275C22DC00772473 /* BullEyesGame */,
				60EC47F8275C22DD00772473 /* BullEyesGameTests */,
				60EC4802275C22DD00772473 /* BullEyesGameUITests */,
				60EC47E0275C22DC00772473 /* Products */,
			);
			sourceTree = "<group>";
		};
		60EC47E0275C22DC00772473 /* Products */ = {
			isa = PBXGroup;
			children = (
				60EC47DF275C22DC00772473 /* BullEyesGame.app */,
				60EC47F5275C22DD00772473 /* BullEyesGameTests.xctest */,
				60EC47FF275C22DD00772473 /* BullEyesGameUITests.xctest */,
			);
			name = Products;
			sourceTree = "<group>";
		};
		60EC47E1275C22DC00772473 /* BullEyesGame */ = {
			isa = PBXGroup;
			children = (
				60911BF82767F1090017B0ED /* BullsEye.html */,
				60E683C32767E88B0077731E /* AboutViewController.swift */,
				60EC47E2275C22DC00772473 /* AppDelegate.swift */,
				60EC47E4275C22DC00772473 /* SceneDelegate.swift */,
				60EC47E6275C22DC00772473 /* ViewController.swift */,
				60EC47E8275C22DC00772473 /* Main.storyboard */,
				60EC47EB275C22DD00772473 /* Assets.xcassets */,
				60EC47ED275C22DD00772473 /* LaunchScreen.storyboard */,
				60EC47F0275C22DD00772473 /* Info.plist */,
			);
			path = BullEyesGame;
			sourceTree = "<group>";
		};
		60EC47F8275C22DD00772473 /* BullEyesGameTests */ = {
			isa = PBXGroup;
			children = (
				60EC47F9275C22DD00772473 /* BullEyesGameTests.swift */,
			);
			path = BullEyesGameTests;
			sourceTree = "<group>";
		};
		60EC4802275C22DD00772473 /* BullEyesGameUITests */ = {
			isa = PBXGroup;
			children = (
				60EC4803275C22DD00772473 /* BullEyesGameUITests.swift */,
				60EC4805275C22DD00772473 /* BullEyesGameUITestsLaunchTests.swift */,
			);
			path = BullEyesGameUITests;
			sourceTree = "<group>";
		};
/* End PBXGroup section */

/* Begin PBXNativeTarget section */
		60EC47DE275C22DC00772473 /* BullEyesGame */ = {
			isa = PBXNativeTarget;
			buildConfigurationList = 60EC4809275C22DD00772473 /* Build configuration list for PBXNativeTarget "BullEyesGame" */;
			buildPhases = (
				60EC47DB275C22DC00772473 /* Sources */,
				60EC47DC275C22DC00772473 /* Frameworks */,
				60EC47DD275C22DC00772473 /* Resources */,
			);
			buildRules = (
			);
			dependencies = (
			);
			name = BullEyesGame;
			productName = BullEyesGame;
			productReference = 60EC47DF275C22DC00772473 /* BullEyesGame.app */;
			productType = "com.apple.product-type.application";
		};
		60EC47F4275C22DD00772473 /* BullEyesGameTests */ = {
			isa = PBXNativeTarget;
			buildConfigurationList = 60EC480C275C22DD00772473 /* Build configuration list for PBXNativeTarget "BullEyesGameTests" */;
			buildPhases = (
				60EC47F1275C22DD00772473 /* Sources */,
				60EC47F2275C22DD00772473 /* Frameworks */,
				60EC47F3275C22DD00772473 /* Resources */,
			);
			buildRules = (
			);
			dependencies = (
				60EC47F7275C22DD00772473 /* PBXTargetDependency */,
			);
			name = BullEyesGameTests;
			productName = BullEyesGameTests;
			productReference = 60EC47F5275C22DD00772473 /* BullEyesGameTests.xctest */;
			productType = "com.apple.product-type.bundle.unit-test";
		};
		60EC47FE275C22DD00772473 /* BullEyesGameUITests */ = {
			isa = PBXNativeTarget;
			buildConfigurationList = 60EC480F275C22DD00772473 /* Build configuration list for PBXNativeTarget "BullEyesGameUITests" */;
			buildPhases = (
				60EC47FB275C22DD00772473 /* Sources */,
				60EC47FC275C22DD00772473 /* Frameworks */,
				60EC47FD275C22DD00772473 /* Resources */,
			);
			buildRules = (
			);
			dependencies = (
				60EC4801275C22DD00772473 /* PBXTargetDependency */,
			);
			name = BullEyesGameUITests;
			productName = BullEyesGameUITests;
			productReference = 60EC47FF275C22DD00772473 /* BullEyesGameUITests.xctest */;
			productType = "com.apple.product-type.bundle.ui-testing";
		};
/* End PBXNativeTarget section */

/* Begin PBXProject section */
		60EC47D7275C22DC00772473 /* Project object */ = {
			isa = PBXProject;
			attributes = {
				BuildIndependentTargetsInParallel = 1;
				LastSwiftUpdateCheck = 1310;
				LastUpgradeCheck = 1310;
				TargetAttributes = {
					60EC47DE275C22DC00772473 = {
						CreatedOnToolsVersion = 13.1;
					};
					60EC47F4275C22DD00772473 = {
						CreatedOnToolsVersion = 13.1;
						TestTargetID = 60EC47DE275C22DC00772473;
					};
					60EC47FE275C22DD00772473 = {
						CreatedOnToolsVersion = 13.1;
						TestTargetID = 60EC47DE275C22DC00772473;
					};
				};
			};
			buildConfigurationList = 60EC47DA275C22DC00772473 /* Build configuration list for PBXProject "BullEyesGame" */;
			compatibilityVersion = "Xcode 13.0";
			developmentRegion = en;
			hasScannedForEncodings = 0;
			knownRegions = (
				en,
				Base,
			);
			mainGroup = 60EC47D6275C22DC00772473;
			productRefGroup = 60EC47E0275C22DC00772473 /* Products */;
			projectDirPath = "";
			projectRoot = "";
			targets = (
				60EC47DE275C22DC00772473 /* BullEyesGame */,
				60EC47F4275C22DD00772473 /* BullEyesGameTests */,
				60EC47FE275C22DD00772473 /* BullEyesGameUITests */,
			);
		};
/* End PBXProject section */

/* Begin PBXResourcesBuildPhase section */
		60EC47DD275C22DC00772473 /* Resources */ = {
			isa = PBXResourcesBuildPhase;
			buildActionMask = 2147483647;
			files = (
				60EC47EF275C22DD00772473 /* LaunchScreen.storyboard in Resources */,
				60911BF92767F1090017B0ED /* BullsEye.html in Resources */,
				60EC47EC275C22DD00772473 /* Assets.xcassets in Resources */,
				60EC47EA275C22DC00772473 /* Main.storyboard in Resources */,
			);
			runOnlyForDeploymentPostprocessing = 0;
		};
		60EC47F3275C22DD00772473 /* Resources */ = {
			isa = PBXResourcesBuildPhase;
			buildActionMask = 2147483647;
			files = (
			);
			runOnlyForDeploymentPostprocessing = 0;
		};
		60EC47FD275C22DD00772473 /* Resources */ = {
			isa = PBXResourcesBuildPhase;
			buildActionMask = 2147483647;
			files = (
			);
			runOnlyForDeploymentPostprocessing = 0;
		};
/* End PBXResourcesBuildPhase section */

/* Begin PBXSourcesBuildPhase section */
		60EC47DB275C22DC00772473 /* Sources */ = {
			isa = PBXSourcesBuildPhase;
			buildActionMask = 2147483647;
			files = (
				60EC47E7275C22DC00772473 /* ViewController.swift in Sources */,
				60EC47E3275C22DC00772473 /* AppDelegate.swift in Sources */,
				60E683C42767E88B0077731E /* AboutViewController.swift in Sources */,
				60EC47E5275C22DC00772473 /* SceneDelegate.swift in Sources */,
			);
			runOnlyForDeploymentPostprocessing = 0;
		};
		60EC47F1275C22DD00772473 /* Sources */ = {
			isa = PBXSourcesBuildPhase;
			buildActionMask = 2147483647;
			files = (
				60EC47FA275C22DD00772473 /* BullEyesGameTests.swift in Sources */,
			);
			runOnlyForDeploymentPostprocessing = 0;
		};
		60EC47FB275C22DD00772473 /* Sources */ = {
			isa = PBXSourcesBuildPhase;
			buildActionMask = 2147483647;
			files = (
				60EC4804275C22DD00772473 /* BullEyesGameUITests.swift in Sources */,
				60EC4806275C22DD00772473 /* BullEyesGameUITestsLaunchTests.swift in Sources */,
			);
			runOnlyForDeploymentPostprocessing = 0;
		};
/* End PBXSourcesBuildPhase section */

/* Begin PBXTargetDependency section */
		60EC47F7275C22DD00772473 /* PBXTargetDependency */ = {
			isa = PBXTargetDependency;
			target = 60EC47DE275C22DC00772473 /* BullEyesGame */;
			targetProxy = 60EC47F6275C22DD00772473 /* PBXContainerItemProxy */;
		};
		60EC4801275C22DD00772473 /* PBXTargetDependency */ = {
			isa = PBXTargetDependency;
			target = 60EC47DE275C22DC00772473 /* BullEyesGame */;
			targetProxy = 60EC4800275C22DD00772473 /* PBXContainerItemProxy */;
		};
/* End PBXTargetDependency section */

/* Begin PBXVariantGroup section */
		60EC47E8275C22DC00772473 /* Main.storyboard */ = {
			isa = PBXVariantGroup;
			children = (
				60EC47E9275C22DC00772473 /* Base */,
			);
			name = Main.storyboard;
			sourceTree = "<group>";
		};
		60EC47ED275C22DD00772473 /* LaunchScreen.storyboard */ = {
			isa = PBXVariantGroup;
			children = (
				60EC47EE275C22DD00772473 /* Base */,
			);
			name = LaunchScreen.storyboard;
			sourceTree = "<group>";
		};
/* End PBXVariantGroup section */

/* Begin XCBuildConfiguration section */
		60EC4807275C22DD00772473 /* Debug */ = {
			isa = XCBuildConfiguration;
			buildSettings = {
				ALWAYS_SEARCH_USER_PATHS = NO;
				CLANG_ANALYZER_NONNULL = YES;
				CLANG_ANALYZER_NUMBER_OBJECT_CONVERSION = YES_AGGRESSIVE;
				CLANG_CXX_LANGUAGE_STANDARD = "gnu++17";
				CLANG_CXX_LIBRARY = "libc++";
				CLANG_ENABLE_MODULES = YES;
				CLANG_ENABLE_OBJC_ARC = YES;
				CLANG_ENABLE_OBJC_WEAK = YES;
				CLANG_WARN_BLOCK_CAPTURE_AUTORELEASING = YES;
				CLANG_WARN_BOOL_CONVERSION = YES;
				CLANG_WARN_COMMA = YES;
				CLANG_WARN_CONSTANT_CONVERSION = YES;
				CLANG_WARN_DEPRECATED_OBJC_IMPLEMENTATIONS = YES;
				CLANG_WARN_DIRECT_OBJC_ISA_USAGE = YES_ERROR;
				CLANG_WARN_DOCUMENTATION_COMMENTS = YES;
				CLANG_WARN_EMPTY_BODY = YES;
				CLANG_WARN_ENUM_CONVERSION = YES;
				CLANG_WARN_INFINITE_RECURSION = YES;
				CLANG_WARN_INT_CONVERSION = YES;
				CLANG_WARN_NON_LITERAL_NULL_CONVERSION = YES;
				CLANG_WARN_OBJC_IMPLICIT_RETAIN_SELF = YES;
				CLANG_WARN_OBJC_LITERAL_CONVERSION = YES;
				CLANG_WARN_OBJC_ROOT_CLASS = YES_ERROR;
				CLANG_WARN_QUOTED_INCLUDE_IN_FRAMEWORK_HEADER = YES;
				CLANG_WARN_RANGE_LOOP_ANALYSIS = YES;
				CLANG_WARN_STRICT_PROTOTYPES = YES;
				CLANG_WARN_SUSPICIOUS_MOVE = YES;
				CLANG_WARN_UNGUARDED_AVAILABILITY = YES_AGGRESSIVE;
				CLANG_WARN_UNREACHABLE_CODE = YES;
				CLANG_WARN__DUPLICATE_METHOD_MATCH = YES;
				COPY_PHASE_STRIP = NO;
				DEBUG_INFORMATION_FORMAT = dwarf;
				ENABLE_STRICT_OBJC_MSGSEND = YES;
				ENABLE_TESTABILITY = YES;
				GCC_C_LANGUAGE_STANDARD = gnu11;
				GCC_DYNAMIC_NO_PIC = NO;
				GCC_NO_COMMON_BLOCKS = YES;
				GCC_OPTIMIZATION_LEVEL = 0;
				GCC_PREPROCESSOR_DEFINITIONS = (
					"DEBUG=1",
					"$(inherited)",
				);
				GCC_WARN_64_TO_32_BIT_CONVERSION = YES;
				GCC_WARN_ABOUT_RETURN_TYPE = YES_ERROR;
				GCC_WARN_UNDECLARED_SELECTOR = YES;
				GCC_WARN_UNINITIALIZED_AUTOS = YES_AGGRESSIVE;
				GCC_WARN_UNUSED_FUNCTION = YES;
				GCC_WARN_UNUSED_VARIABLE = YES;
				IPHONEOS_DEPLOYMENT_TARGET = 15.0;
				MTL_ENABLE_DEBUG_INFO = INCLUDE_SOURCE;
				MTL_FAST_MATH = YES;
				ONLY_ACTIVE_ARCH = YES;
				SDKROOT = iphoneos;
				SWIFT_ACTIVE_COMPILATION_CONDITIONS = DEBUG;
				SWIFT_OPTIMIZATION_LEVEL = "-Onone";
			};
			name = Debug;
		};
		60EC4808275C22DD00772473 /* Release */ = {
			isa = XCBuildConfiguration;
			buildSettings = {
				ALWAYS_SEARCH_USER_PATHS = NO;
				CLANG_ANALYZER_NONNULL = YES;
				CLANG_ANALYZER_NUMBER_OBJECT_CONVERSION = YES_AGGRESSIVE;
				CLANG_CXX_LANGUAGE_STANDARD = "gnu++17";
				CLANG_CXX_LIBRARY = "libc++";
				CLANG_ENABLE_MODULES = YES;
				CLANG_ENABLE_OBJC_ARC = YES;
				CLANG_ENABLE_OBJC_WEAK = YES;
				CLANG_WARN_BLOCK_CAPTURE_AUTORELEASING = YES;
				CLANG_WARN_BOOL_CONVERSION = YES;
				CLANG_WARN_COMMA = YES;
				CLANG_WARN_CONSTANT_CONVERSION = YES;
				CLANG_WARN_DEPRECATED_OBJC_IMPLEMENTATIONS = YES;
				CLANG_WARN_DIRECT_OBJC_ISA_USAGE = YES_ERROR;
				CLANG_WARN_DOCUMENTATION_COMMENTS = YES;
				CLANG_WARN_EMPTY_BODY = YES;
				CLANG_WARN_ENUM_CONVERSION = YES;
				CLANG_WARN_INFINITE_RECURSION = YES;
				CLANG_WARN_INT_CONVERSION = YES;
				CLANG_WARN_NON_LITERAL_NULL_CONVERSION = YES;
				CLANG_WARN_OBJC_IMPLICIT_RETAIN_SELF = YES;
				CLANG_WARN_OBJC_LITERAL_CONVERSION = YES;
				CLANG_WARN_OBJC_ROOT_CLASS = YES_ERROR;
				CLANG_WARN_QUOTED_INCLUDE_IN_FRAMEWORK_HEADER = YES;
				CLANG_WARN_RANGE_LOOP_ANALYSIS = YES;
				CLANG_WARN_STRICT_PROTOTYPES = YES;
				CLANG_WARN_SUSPICIOUS_MOVE = YES;
				CLANG_WARN_UNGUARDED_AVAILABILITY = YES_AGGRESSIVE;
				CLANG_WARN_UNREACHABLE_CODE = YES;
				CLANG_WARN__DUPLICATE_METHOD_MATCH = YES;
				COPY_PHASE_STRIP = NO;
				DEBUG_INFORMATION_FORMAT = "dwarf-with-dsym";
				ENABLE_NS_ASSERTIONS = NO;
				ENABLE_STRICT_OBJC_MSGSEND = YES;
				GCC_C_LANGUAGE_STANDARD = gnu11;
				GCC_NO_COMMON_BLOCKS = YES;
				GCC_WARN_64_TO_32_BIT_CONVERSION = YES;
				GCC_WARN_ABOUT_RETURN_TYPE = YES_ERROR;
				GCC_WARN_UNDECLARED_SELECTOR = YES;
				GCC_WARN_UNINITIALIZED_AUTOS = YES_AGGRESSIVE;
				GCC_WARN_UNUSED_FUNCTION = YES;
				GCC_WARN_UNUSED_VARIABLE = YES;
				IPHONEOS_DEPLOYMENT_TARGET = 15.0;
				MTL_ENABLE_DEBUG_INFO = NO;
				MTL_FAST_MATH = YES;
				SDKROOT = iphoneos;
				SWIFT_COMPILATION_MODE = wholemodule;
				SWIFT_OPTIMIZATION_LEVEL = "-O";
				VALIDATE_PRODUCT = YES;
			};
			name = Release;
		};
		60EC480A275C22DD00772473 /* Debug */ = {
			isa = XCBuildConfiguration;
			buildSettings = {
				ASSETCATALOG_COMPILER_APPICON_NAME = AppIcon;
				ASSETCATALOG_COMPILER_GLOBAL_ACCENT_COLOR_NAME = AccentColor;
				CODE_SIGN_STYLE = Automatic;
				CURRENT_PROJECT_VERSION = 1;
				DEVELOPMENT_TEAM = 9E72ELFJ7N;
				GENERATE_INFOPLIST_FILE = YES;
				INFOPLIST_FILE = BullEyesGame/Info.plist;
				INFOPLIST_KEY_UIApplicationSupportsIndirectInputEvents = YES;
				INFOPLIST_KEY_UILaunchStoryboardName = LaunchScreen;
				INFOPLIST_KEY_UIMainStoryboardFile = Main;
				INFOPLIST_KEY_UIStatusBarHidden = YES;
				INFOPLIST_KEY_UISupportedInterfaceOrientations = UIInterfaceOrientationLandscapeRight;
				INFOPLIST_KEY_UISupportedInterfaceOrientations_iPad = "UIInterfaceOrientationPortrait UIInterfaceOrientationPortraitUpsideDown UIInterfaceOrientationLandscapeLeft UIInterfaceOrientationLandscapeRight";
				INFOPLIST_KEY_UISupportedInterfaceOrientations_iPhone = "UIInterfaceOrientationLandscapeLeft UIInterfaceOrientationLandscapeRight";
				LD_RUNPATH_SEARCH_PATHS = (
					"$(inherited)",
					"@executable_path/Frameworks",
				);
				MARKETING_VERSION = 1.0;
				PRODUCT_BUNDLE_IDENTIFIER = fi.yea.BullEyesGame;
				PRODUCT_NAME = "$(TARGET_NAME)";
				SWIFT_EMIT_LOC_STRINGS = YES;
				SWIFT_VERSION = 5.0;
				TARGETED_DEVICE_FAMILY = "1,2";
			};
			name = Debug;
		};
		60EC480B275C22DD00772473 /* Release */ = {
			isa = XCBuildConfiguration;
			buildSettings = {
				ASSETCATALOG_COMPILER_APPICON_NAME = AppIcon;
				ASSETCATALOG_COMPILER_GLOBAL_ACCENT_COLOR_NAME = AccentColor;
				CODE_SIGN_STYLE = Automatic;
				CURRENT_PROJECT_VERSION = 1;
				DEVELOPMENT_TEAM = 9E72ELFJ7N;
				GENERATE_INFOPLIST_FILE = YES;
				INFOPLIST_FILE = BullEyesGame/Info.plist;
				INFOPLIST_KEY_UIApplicationSupportsIndirectInputEvents = YES;
				INFOPLIST_KEY_UILaunchStoryboardName = LaunchScreen;
				INFOPLIST_KEY_UIMainStoryboardFile = Main;
				INFOPLIST_KEY_UIStatusBarHidden = YES;
				INFOPLIST_KEY_UISupportedInterfaceOrientations = UIInterfaceOrientationLandscapeRight;
				INFOPLIST_KEY_UISupportedInterfaceOrientations_iPad = "UIInterfaceOrientationPortrait UIInterfaceOrientationPortraitUpsideDown UIInterfaceOrientationLandscapeLeft UIInterfaceOrientationLandscapeRight";
				INFOPLIST_KEY_UISupportedInterfaceOrientations_iPhone = "UIInterfaceOrientationLandscapeLeft UIInterfaceOrientationLandscapeRight";
				LD_RUNPATH_SEARCH_PATHS = (
					"$(inherited)",
					"@executable_path/Frameworks",
				);
				MARKETING_VERSION = 1.0;
				PRODUCT_BUNDLE_IDENTIFIER = fi.yea.BullEyesGame;
				PRODUCT_NAME = "$(TARGET_NAME)";
				SWIFT_EMIT_LOC_STRINGS = YES;
				SWIFT_VERSION = 5.0;
				TARGETED_DEVICE_FAMILY = "1,2";
			};
			name = Release;
		};
		60EC480D275C22DD00772473 /* Debug */ = {
			isa = XCBuildConfiguration;
			buildSettings = {
				ALWAYS_EMBED_SWIFT_STANDARD_LIBRARIES = YES;
				BUNDLE_LOADER = "$(TEST_HOST)";
				CODE_SIGN_STYLE = Automatic;
				CURRENT_PROJECT_VERSION = 1;
				DEVELOPMENT_TEAM = 9E72ELFJ7N;
				GENERATE_INFOPLIST_FILE = YES;
				IPHONEOS_DEPLOYMENT_TARGET = 15.0;
				LD_RUNPATH_SEARCH_PATHS = (
					"$(inherited)",
					"@executable_path/Frameworks",
					"@loader_path/Frameworks",
				);
				MARKETING_VERSION = 1.0;
				PRODUCT_BUNDLE_IDENTIFIER = fi.yea.BullEyesGameTests;
				PRODUCT_NAME = "$(TARGET_NAME)";
				SWIFT_EMIT_LOC_STRINGS = NO;
				SWIFT_VERSION = 5.0;
				TARGETED_DEVICE_FAMILY = "1,2";
				TEST_HOST = "$(BUILT_PRODUCTS_DIR)/BullEyesGame.app/BullEyesGame";
			};
			name = Debug;
		};
		60EC480E275C22DD00772473 /* Release */ = {
			isa = XCBuildConfiguration;
			buildSettings = {
				ALWAYS_EMBED_SWIFT_STANDARD_LIBRARIES = YES;
				BUNDLE_LOADER = "$(TEST_HOST)";
				CODE_SIGN_STYLE = Automatic;
				CURRENT_PROJECT_VERSION = 1;
				DEVELOPMENT_TEAM = 9E72ELFJ7N;
				GENERATE_INFOPLIST_FILE = YES;
				IPHONEOS_DEPLOYMENT_TARGET = 15.0;
				LD_RUNPATH_SEARCH_PATHS = (
					"$(inherited)",
					"@executable_path/Frameworks",
					"@loader_path/Frameworks",
				);
				MARKETING_VERSION = 1.0;
				PRODUCT_BUNDLE_IDENTIFIER = fi.yea.BullEyesGameTests;
				PRODUCT_NAME = "$(TARGET_NAME)";
				SWIFT_EMIT_LOC_STRINGS = NO;
				SWIFT_VERSION = 5.0;
				TARGETED_DEVICE_FAMILY = "1,2";
				TEST_HOST = "$(BUILT_PRODUCTS_DIR)/BullEyesGame.app/BullEyesGame";
			};
			name = Release;
		};
		60EC4810275C22DD00772473 /* Debug */ = {
			isa = XCBuildConfiguration;
			buildSettings = {
				ALWAYS_EMBED_SWIFT_STANDARD_LIBRARIES = YES;
				CODE_SIGN_STYLE = Automatic;
				CURRENT_PROJECT_VERSION = 1;
				DEVELOPMENT_TEAM = 9E72ELFJ7N;
				GENERATE_INFOPLIST_FILE = YES;
				LD_RUNPATH_SEARCH_PATHS = (
					"$(inherited)",
					"@executable_path/Frameworks",
					"@loader_path/Frameworks",
				);
				MARKETING_VERSION = 1.0;
				PRODUCT_BUNDLE_IDENTIFIER = fi.yea.BullEyesGameUITests;
				PRODUCT_NAME = "$(TARGET_NAME)";
				SWIFT_EMIT_LOC_STRINGS = NO;
				SWIFT_VERSION = 5.0;
				TARGETED_DEVICE_FAMILY = "1,2";
				TEST_TARGET_NAME = BullEyesGame;
			};
			name = Debug;
		};
		60EC4811275C22DD00772473 /* Release */ = {
			isa = XCBuildConfiguration;
			buildSettings = {
				ALWAYS_EMBED_SWIFT_STANDARD_LIBRARIES = YES;
				CODE_SIGN_STYLE = Automatic;
				CURRENT_PROJECT_VERSION = 1;
				DEVELOPMENT_TEAM = 9E72ELFJ7N;
				GENERATE_INFOPLIST_FILE = YES;
				LD_RUNPATH_SEARCH_PATHS = (
					"$(inherited)",
					"@executable_path/Frameworks",
					"@loader_path/Frameworks",
				);
				MARKETING_VERSION = 1.0;
				PRODUCT_BUNDLE_IDENTIFIER = fi.yea.BullEyesGameUITests;
				PRODUCT_NAME = "$(TARGET_NAME)";
				SWIFT_EMIT_LOC_STRINGS = NO;
				SWIFT_VERSION = 5.0;
				TARGETED_DEVICE_FAMILY = "1,2";
				TEST_TARGET_NAME = BullEyesGame;
			};
			name = Release;
		};
/* End XCBuildConfiguration section */

/* Begin XCConfigurationList section */
		60EC47DA275C22DC00772473 /* Build configuration list for PBXProject "BullEyesGame" */ = {
			isa = XCConfigurationList;
			buildConfigurations = (
				60EC4807275C22DD00772473 /* Debug */,
				60EC4808275C22DD00772473 /* Release */,
			);
			defaultConfigurationIsVisible = 0;
			defaultConfigurationName = Release;
		};
		60EC4809275C22DD00772473 /* Build configuration list for PBXNativeTarget "BullEyesGame" */ = {
			isa = XCConfigurationList;
			buildConfigurations = (
				60EC480A275C22DD00772473 /* Debug */,
				60EC480B275C22DD00772473 /* Release */,
			);
			defaultConfigurationIsVisible = 0;
			defaultConfigurationName = Release;
		};
		60EC480C275C22DD00772473 /* Build configuration list for PBXNativeTarget "BullEyesGameTests" */ = {
			isa = XCConfigurationList;
			buildConfigurations = (
				60EC480D275C22DD00772473 /* Debug */,
				60EC480E275C22DD00772473 /* Release */,
			);
			defaultConfigurationIsVisible = 0;
			defaultConfigurationName = Release;
		};
		60EC480F275C22DD00772473 /* Build configuration list for PBXNativeTarget "BullEyesGameUITests" */ = {
			isa = XCConfigurationList;
			buildConfigurations = (
				60EC4810275C22DD00772473 /* Debug */,
				60EC4811275C22DD00772473 /* Release */,
			);
			defaultConfigurationIsVisible = 0;
			defaultConfigurationName = Release;
		};
/* End XCConfigurationList section */
	};
	rootObject = 60EC47D7275C22DC00772473 /* Project object */;
}
